github.com/edwingeng/deque/v2 v2.0.3 h1:f/FmV3e5xlYsFlfQSxwqY8z/F0a59l5kiB3pGIU3WbE=
github.com/edwingeng/deque/v2 v2.0.3/go.mod h1:HukI8CQe9KDmZCcURPZRYVYjH79Zy2tIjTF9sN3Bgb0=
github.com/ef-ds/deque v1.0.4 h1:iFAZNmveMT9WERAkqLJ+oaABF9AcVQ5AjXem/hroniI=
github.com/ef-ds/deque v1.0.4/go.mod h1:gXDnTC3yqvBcHbq2lcExjtAcVrOnJCbMcZXmuj8Z4tg=
github.com/gammazero/deque v0.2.0 h1:SkieyNB4bg2/uZZLxvya0Pq6diUlwx7m2TeT7GAIWaA=
github.com/gammazero/deque v0.2.0/go.mod h1:LFroj8x4cMYCukHJDbxFCkT+r9AndaJnFMuZDV34tuU=
github.com/juju/clock v0.0.0-20220202072423-1b0f830854c4 h1:9vNh7Dsk+O3rJD7pcem7tRSU1t+6aJDcjt0+bljWEKs=
github.com/juju/collections v1.0.0 h1:iuWddKN/SMbjLoyOpcnAl8XyBCavZm6coeFBcXQldbw=
github.com/juju/collections v1.0.0/go.mod h1:JWeZdyttIEbkR51z2S13+J+aCuHVe0F6meRy+P0YGDo=
github.com/juju/errors v0.0.0-20220203013757-bd733f3c86b9 h1:EJHbsNpQyupmMeWTq7inn+5L/WZ7JfzCVPJ+DP9McCQ=
github.com/juju/loggo v0.0.0-20210728185423-eebad3a902c4 h1:NO5tuyw++EGLnz56Q8KMyDZRwJwWO8jQnj285J3FOmY=
github.com/juju/mgo/v2 v2.0.0-20210302023703-70d5d206e208 h1:/WiCm+Vpj87e4QWuWwPD/bNE9kDrWCLvPBHOQNcG2+A=
github.com/juju/retry v0.0.0-20180821225755-9058e192b216 h1:/eQL7EJQKFHByJe3DeE8Z36yqManj9UY5zppDoQi4FU=
github.com/juju/testing v0.0.0-20220203020004-a0ff61f03494 h1:XEDzpuZb8Ma7vLja3+5hzUqVTvAqm5Y+ygvnDs5iTMM=
github.com/juju/utils/v3 v3.0.0-20220202114721-338bb0530e89 h1:AabsPzXjiUEs53myZfvZ62h+QZKDpsEAYKaW0IEgURU=
github.com/juju/version/v2 v2.0.0-20211007103408-2e8da085dc23 h1:wtEPbidt1VyHlb8RSztU6ySQj29FLsOQiI9XiJhXDM4=
github.com/kr/pretty v0.2.1 h1:Fmg33tUaq4/8ym9TJN1x7sLJnHVwhP33CNkpYV/7rwI=
github.com/kr/text v0.2.0 h1:5Nx0Ya0ZqY2ygV366QzturHI13Jq95ApcVaJBhpS+AY=
github.com/liyue201/gostl v1.1.0 h1:ipSWwFqwRXBTzgS3ZMlwtTpHeVvRQTE+anpzP0rXeUA=
github.com/liyue201/gostl v1.1.0/go.mod h1:hmiO0/B1JgfZWtzpst0Y4VSu11iJvM6jHnRvINYB6Sg=
github.com/phf/go-queue v0.0.0-20170504031614-9abe38d0371d h1:U+PMnTlV2tu7RuMK5etusZG3Cf+rpow5hqQByeCzJ2g=
github.com/phf/go-queue v0.0.0-20170504031614-9abe38d0371d/go.mod h1:lXfE4PvvTW5xOjO6Mba8zDPyw8M93B6AQ7frTGnMlA8=
golang.org/x/crypto v0.0.0-20211215153901-e495a2d5b3d3 h1:0es+/5331RGQPcXlMfP+WrnIIS6dNnNRe0WB02W0F4M=
golang.org/x/net v0.0.0-20211216030914-fe4d6282115f h1:hEYJvxw1lSnWIl8X9ofsYMklzaDs90JI2az5YMd4fPM=
gopkg.in/check.v1 v1.0.0-20201130134442-10cb98267c6c h1:Hei/4ADfdWqJk1ZMxUNpqntNwaWcugrBjAiHlqqRiVk=
gopkg.in/yaml.v2 v2.4.0 h1:D8xgwECY7CYvx+Y2n4sBz93Jn9JRvxdiyyo8CTfuKaY=
